
Microsoft Visual Studio Solution File, Format Version 12.00
# Visual Studio Version 17
VisualStudioVersion = 17.10.35004.147
MinimumVisualStudioVersion = 10.0.40219.1
Project("{9A19103F-16F7-4668-BE54-9A1E7A4F7556}") = "ClaimTheSquareFullStackWithDI", "ClaimTheSquareFullStackWithDI\ClaimTheSquareFullStackWithDI.csproj", "{BE8709E1-9638-4E5A-B874-66A7B13FEF0D}"
EndProject
Project("{9A19103F-16F7-4668-BE54-9A1E7A4F7556}") = "CommandsWithInterface", "CommandsWithInterface\CommandsWithInterface.csproj", "{C0688AA5-872D-4DE6-B3BB-E497E9CA66BB}"
EndProject
Project("{9A19103F-16F7-4668-BE54-9A1E7A4F7556}") = "CountLines", "CountLines\CountLines.csproj", "{DBEE0FFE-AE6F-4728-8C9F-32207E037E71}"
EndProject
Project("{2150E333-8FDC-42A3-9474-1A3956D46DE8}") = "plan", "plan", "{2BF83688-559F-44A2-8985-4007A2E60300}"
	ProjectSection(SolutionItems) = preProject
		plan.txt = plan.txt
	EndProjectSection
EndProject
Global
	GlobalSection(SolutionConfigurationPlatforms) = preSolution
		Debug|Any CPU = Debug|Any CPU
		Release|Any CPU = Release|Any CPU
	EndGlobalSection
	GlobalSection(ProjectConfigurationPlatforms) = postSolution
		{BE8709E1-9638-4E5A-B874-66A7B13FEF0D}.Debug|Any CPU.ActiveCfg = Debug|Any CPU
		{BE8709E1-9638-4E5A-B874-66A7B13FEF0D}.Debug|Any CPU.Build.0 = Debug|Any CPU
		{BE8709E1-9638-4E5A-B874-66A7B13FEF0D}.Release|Any CPU.ActiveCfg = Release|Any CPU
		{BE8709E1-9638-4E5A-B874-66A7B13FEF0D}.Release|Any CPU.Build.0 = Release|Any CPU
		{C0688AA5-872D-4DE6-B3BB-E497E9CA66BB}.Debug|Any CPU.ActiveCfg = Debug|Any CPU
		{C0688AA5-872D-4DE6-B3BB-E497E9CA66BB}.Debug|Any CPU.Build.0 = Debug|Any CPU
		{C0688AA5-872D-4DE6-B3BB-E497E9CA66BB}.Release|Any CPU.ActiveCfg = Release|Any CPU
		{C0688AA5-872D-4DE6-B3BB-E497E9CA66BB}.Release|Any CPU.Build.0 = Release|Any CPU
		{DBEE0FFE-AE6F-4728-8C9F-32207E037E71}.Debug|Any CPU.ActiveCfg = Debug|Any CPU
		{DBEE0FFE-AE6F-4728-8C9F-32207E037E71}.Debug|Any CPU.Build.0 = Debug|Any CPU
		{DBEE0FFE-AE6F-4728-8C9F-32207E037E71}.Release|Any CPU.ActiveCfg = Release|Any CPU
		{DBEE0FFE-AE6F-4728-8C9F-32207E037E71}.Release|Any CPU.Build.0 = Release|Any CPU
	EndGlobalSection
	GlobalSection(SolutionProperties) = preSolution
		HideSolutionNode = FALSE
	EndGlobalSection
	GlobalSection(ExtensibilityGlobals) = postSolution
		SolutionGuid = {5A771C26-48E7-496B-9911-98636967C141}
	EndGlobalSection
EndGlobal
